// !$*UTF8*$!
{
	archiveVersion = 1;
	classes = {
	};
	objectVersion = 56;
	objects = {

/* Begin PBXBuildFile section */
		911F2B112CBD61CA00855FCE /* AppDelegate.swift in Sources */ = {isa = PBXBuildFile; fileRef = 911F2B102CBD61CA00855FCE /* AppDelegate.swift */; };
		911F2B132CBD61CA00855FCE /* SceneDelegate.swift in Sources */ = {isa = PBXBuildFile; fileRef = 911F2B122CBD61CA00855FCE /* SceneDelegate.swift */; };
		911F2B152CBD61CA00855FCE /* ImagesListViewController.swift in Sources */ = {isa = PBXBuildFile; fileRef = 911F2B142CBD61CA00855FCE /* ImagesListViewController.swift */; };
		911F2B182CBD61CA00855FCE /* Base in Resources */ = {isa = PBXBuildFile; fileRef = 911F2B172CBD61CA00855FCE /* Base */; };
		911F2B1A2CBD61CC00855FCE /* Assets.xcassets in Resources */ = {isa = PBXBuildFile; fileRef = 911F2B192CBD61CC00855FCE /* Assets.xcassets */; };
		911F2B1D2CBD61CC00855FCE /* Base in Resources */ = {isa = PBXBuildFile; fileRef = 911F2B1C2CBD61CC00855FCE /* Base */; };
		911F2B262CBD64D200855FCE /* ImagesListCell.swift in Sources */ = {isa = PBXBuildFile; fileRef = 911F2B252CBD64D200855FCE /* ImagesListCell.swift */; };
		9147FF482CC0320A00D7B371 /* ProfilePageViewController.swift in Sources */ = {isa = PBXBuildFile; fileRef = 9147FF472CC0320A00D7B371 /* ProfilePageViewController.swift */; };
		9147FF4D2CC14A7300D7B371 /* SingleImageViewController.swift in Sources */ = {isa = PBXBuildFile; fileRef = 9147FF4C2CC14A7300D7B371 /* SingleImageViewController.swift */; };
		915782D92CBE595F00AD066C /* Date+Extensions.swift in Sources */ = {isa = PBXBuildFile; fileRef = 915782D82CBE595F00AD066C /* Date+Extensions.swift */; };
		917894F22CC006AA00DD7426 /* setGradientBackgroundColor.swift in Sources */ = {isa = PBXBuildFile; fileRef = 917894F12CC006AA00DD7426 /* setGradientBackgroundColor.swift */; };
/* End PBXBuildFile section */

/* Begin PBXFileReference section */
		911F2B0D2CBD61CA00855FCE /* ImageFeed.app */ = {isa = PBXFileReference; explicitFileType = wrapper.application; includeInIndex = 0; path = ImageFeed.app; sourceTree = BUILT_PRODUCTS_DIR; };
		911F2B102CBD61CA00855FCE /* AppDelegate.swift */ = {isa = PBXFileReference; lastKnownFileType = sourcecode.swift; path = AppDelegate.swift; sourceTree = "<group>"; };
		911F2B122CBD61CA00855FCE /* SceneDelegate.swift */ = {isa = PBXFileReference; lastKnownFileType = sourcecode.swift; path = SceneDelegate.swift; sourceTree = "<group>"; };
		911F2B142CBD61CA00855FCE /* ImagesListViewController.swift */ = {isa = PBXFileReference; lastKnownFileType = sourcecode.swift; path = ImagesListViewController.swift; sourceTree = "<group>"; };
		911F2B172CBD61CA00855FCE /* Base */ = {isa = PBXFileReference; lastKnownFileType = file.storyboard; name = Base; path = Base.lproj/Main.storyboard; sourceTree = "<group>"; };
		911F2B192CBD61CC00855FCE /* Assets.xcassets */ = {isa = PBXFileReference; lastKnownFileType = folder.assetcatalog; path = Assets.xcassets; sourceTree = "<group>"; };
		911F2B1C2CBD61CC00855FCE /* Base */ = {isa = PBXFileReference; lastKnownFileType = file.storyboard; name = Base; path = Base.lproj/LaunchScreen.storyboard; sourceTree = "<group>"; };
		911F2B1E2CBD61CC00855FCE /* Info.plist */ = {isa = PBXFileReference; lastKnownFileType = text.plist.xml; path = Info.plist; sourceTree = "<group>"; };
		911F2B252CBD64D200855FCE /* ImagesListCell.swift */ = {isa = PBXFileReference; lastKnownFileType = sourcecode.swift; path = ImagesListCell.swift; sourceTree = "<group>"; };
		9147FF472CC0320A00D7B371 /* ProfilePageViewController.swift */ = {isa = PBXFileReference; lastKnownFileType = sourcecode.swift; path = ProfilePageViewController.swift; sourceTree = "<group>"; };
		9147FF4C2CC14A7300D7B371 /* SingleImageViewController.swift */ = {isa = PBXFileReference; lastKnownFileType = sourcecode.swift; path = SingleImageViewController.swift; sourceTree = "<group>"; };
		915782D82CBE595F00AD066C /* Date+Extensions.swift */ = {isa = PBXFileReference; lastKnownFileType = sourcecode.swift; path = "Date+Extensions.swift"; sourceTree = "<group>"; };
		917894F12CC006AA00DD7426 /* setGradientBackgroundColor.swift */ = {isa = PBXFileReference; lastKnownFileType = sourcecode.swift; path = setGradientBackgroundColor.swift; sourceTree = "<group>"; };
/* End PBXFileReference section */

/* Begin PBXFrameworksBuildPhase section */
		911F2B0A2CBD61CA00855FCE /* Frameworks */ = {
			isa = PBXFrameworksBuildPhase;
			buildActionMask = 2147483647;
			files = (
			);
			runOnlyForDeploymentPostprocessing = 0;
		};
/* End PBXFrameworksBuildPhase section */

/* Begin PBXGroup section */
		911F2B042CBD61CA00855FCE = {
			isa = PBXGroup;
			children = (
				911F2B0F2CBD61CA00855FCE /* ImageFeed */,
				911F2B0E2CBD61CA00855FCE /* Products */,
			);
			sourceTree = "<group>";
		};
		911F2B0E2CBD61CA00855FCE /* Products */ = {
			isa = PBXGroup;
			children = (
				911F2B0D2CBD61CA00855FCE /* ImageFeed.app */,
			);
			name = Products;
			sourceTree = "<group>";
		};
		911F2B0F2CBD61CA00855FCE /* ImageFeed */ = {
			isa = PBXGroup;
			children = (
				9147FF492CC0324F00D7B371 /* Storyboards */,
				9147FF462CC031F700D7B371 /* ProfilePage */,
				917894F02CC0069F00DD7426 /* Services */,
				915782D72CBE595000AD066C /* Helpers */,
				91852A6C2CC53545007D9F4C /* SingleImageViewController */,
				911F2B242CBD64BF00855FCE /* ImagesTable */,
				911F2B102CBD61CA00855FCE /* AppDelegate.swift */,
				911F2B122CBD61CA00855FCE /* SceneDelegate.swift */,
				911F2B192CBD61CC00855FCE /* Assets.xcassets */,
				911F2B1E2CBD61CC00855FCE /* Info.plist */,
			);
			path = ImageFeed;
			sourceTree = "<group>";
		};
		911F2B242CBD64BF00855FCE /* ImagesTable */ = {
			isa = PBXGroup;
			children = (
				911F2B142CBD61CA00855FCE /* ImagesListViewController.swift */,
				911F2B252CBD64D200855FCE /* ImagesListCell.swift */,
			);
			path = ImagesTable;
			sourceTree = "<group>";
		};
		9147FF462CC031F700D7B371 /* ProfilePage */ = {
			isa = PBXGroup;
			children = (
				9147FF472CC0320A00D7B371 /* ProfilePageViewController.swift */,
			);
			path = ProfilePage;
			sourceTree = "<group>";
		};
		9147FF492CC0324F00D7B371 /* Storyboards */ = {
			isa = PBXGroup;
			children = (
				911F2B162CBD61CA00855FCE /* Main.storyboard */,
				911F2B1B2CBD61CC00855FCE /* LaunchScreen.storyboard */,
			);
			path = Storyboards;
			sourceTree = "<group>";
		};
		915782D72CBE595000AD066C /* Helpers */ = {
			isa = PBXGroup;
			children = (
				915782D82CBE595F00AD066C /* Date+Extensions.swift */,
			);
			path = Helpers;
			sourceTree = "<group>";
		};
		917894F02CC0069F00DD7426 /* Services */ = {
			isa = PBXGroup;
			children = (
				917894F12CC006AA00DD7426 /* setGradientBackgroundColor.swift */,
			);
			path = Services;
			sourceTree = "<group>";
		};
		91852A6C2CC53545007D9F4C /* SingleImageViewController */ = {
			isa = PBXGroup;
			children = (
				9147FF4C2CC14A7300D7B371 /* SingleImageViewController.swift */,
			);
			path = SingleImageViewController;
			sourceTree = "<group>";
		};
/* End PBXGroup section */

/* Begin PBXNativeTarget section */
		911F2B0C2CBD61CA00855FCE /* ImageFeed */ = {
			isa = PBXNativeTarget;
			buildConfigurationList = 911F2B212CBD61CC00855FCE /* Build configuration list for PBXNativeTarget "ImageFeed" */;
			buildPhases = (
				911F2B092CBD61CA00855FCE /* Sources */,
				911F2B0A2CBD61CA00855FCE /* Frameworks */,
				911F2B0B2CBD61CA00855FCE /* Resources */,
			);
			buildRules = (
			);
			dependencies = (
			);
			name = ImageFeed;
			productName = ImageFeed;
			productReference = 911F2B0D2CBD61CA00855FCE /* ImageFeed.app */;
			productType = "com.apple.product-type.application";
		};
/* End PBXNativeTarget section */

/* Begin PBXProject section */
		911F2B052CBD61CA00855FCE /* Project object */ = {
			isa = PBXProject;
			attributes = {
				BuildIndependentTargetsInParallel = 1;
				LastSwiftUpdateCheck = 1540;
				LastUpgradeCheck = 1540;
				TargetAttributes = {
					911F2B0C2CBD61CA00855FCE = {
						CreatedOnToolsVersion = 15.4;
					};
				};
			};
			buildConfigurationList = 911F2B082CBD61CA00855FCE /* Build configuration list for PBXProject "ImageFeed" */;
			compatibilityVersion = "Xcode 14.0";
			developmentRegion = en;
			hasScannedForEncodings = 0;
			knownRegions = (
				en,
				Base,
			);
			mainGroup = 911F2B042CBD61CA00855FCE;
			productRefGroup = 911F2B0E2CBD61CA00855FCE /* Products */;
			projectDirPath = "";
			projectRoot = "";
			targets = (
				911F2B0C2CBD61CA00855FCE /* ImageFeed */,
			);
		};
/* End PBXProject section */

/* Begin PBXResourcesBuildPhase section */
		911F2B0B2CBD61CA00855FCE /* Resources */ = {
			isa = PBXResourcesBuildPhase;
			buildActionMask = 2147483647;
			files = (
				911F2B1A2CBD61CC00855FCE /* Assets.xcassets in Resources */,
				911F2B1D2CBD61CC00855FCE /* Base in Resources */,
				911F2B182CBD61CA00855FCE /* Base in Resources */,
			);
			runOnlyForDeploymentPostprocessing = 0;
		};
/* End PBXResourcesBuildPhase section */

/* Begin PBXSourcesBuildPhase section */
		911F2B092CBD61CA00855FCE /* Sources */ = {
			isa = PBXSourcesBuildPhase;
			buildActionMask = 2147483647;
			files = (
				915782D92CBE595F00AD066C /* Date+Extensions.swift in Sources */,
				917894F22CC006AA00DD7426 /* setGradientBackgroundColor.swift in Sources */,
				911F2B152CBD61CA00855FCE /* ImagesListViewController.swift in Sources */,
				911F2B262CBD64D200855FCE /* ImagesListCell.swift in Sources */,
				911F2B112CBD61CA00855FCE /* AppDelegate.swift in Sources */,
				9147FF482CC0320A00D7B371 /* ProfilePageViewController.swift in Sources */,
				9147FF4D2CC14A7300D7B371 /* SingleImageViewController.swift in Sources */,
				911F2B132CBD61CA00855FCE /* SceneDelegate.swift in Sources */,
			);
			runOnlyForDeploymentPostprocessing = 0;
		};
/* End PBXSourcesBuildPhase section */

/* Begin PBXVariantGroup section */
		911F2B162CBD61CA00855FCE /* Main.storyboard */ = {
			isa = PBXVariantGroup;
			children = (
				911F2B172CBD61CA00855FCE /* Base */,
			);
			name = Main.storyboard;
			sourceTree = "<group>";
		};
		911F2B1B2CBD61CC00855FCE /* LaunchScreen.storyboard */ = {
			isa = PBXVariantGroup;
			children = (
				911F2B1C2CBD61CC00855FCE /* Base */,
			);
			name = LaunchScreen.storyboard;
			sourceTree = "<group>";
		};
/* End PBXVariantGroup section */

/* Begin XCBuildConfiguration section */
		911F2B1F2CBD61CC00855FCE /* Debug */ = {
			isa = XCBuildConfiguration;
			buildSettings = {
				ALWAYS_SEARCH_USER_PATHS = NO;
				ASSETCATALOG_COMPILER_GENERATE_SWIFT_ASSET_SYMBOL_EXTENSIONS = YES;
				CLANG_ANALYZER_NONNULL = YES;
				CLANG_ANALYZER_NUMBER_OBJECT_CONVERSION = YES_AGGRESSIVE;
				CLANG_CXX_LANGUAGE_STANDARD = "gnu++20";
				CLANG_ENABLE_MODULES = YES;
				CLANG_ENABLE_OBJC_ARC = YES;
				CLANG_ENABLE_OBJC_WEAK = YES;
				CLANG_WARN_BLOCK_CAPTURE_AUTORELEASING = YES;
				CLANG_WARN_BOOL_CONVERSION = YES;
				CLANG_WARN_COMMA = YES;
				CLANG_WARN_CONSTANT_CONVERSION = YES;
				CLANG_WARN_DEPRECATED_OBJC_IMPLEMENTATIONS = YES;
				CLANG_WARN_DIRECT_OBJC_ISA_USAGE = YES_ERROR;
				CLANG_WARN_DOCUMENTATION_COMMENTS = YES;
				CLANG_WARN_EMPTY_BODY = YES;
				CLANG_WARN_ENUM_CONVERSION = YES;
				CLANG_WARN_INFINITE_RECURSION = YES;
				CLANG_WARN_INT_CONVERSION = YES;
				CLANG_WARN_NON_LITERAL_NULL_CONVERSION = YES;
				CLANG_WARN_OBJC_IMPLICIT_RETAIN_SELF = YES;
				CLANG_WARN_OBJC_LITERAL_CONVERSION = YES;
				CLANG_WARN_OBJC_ROOT_CLASS = YES_ERROR;
				CLANG_WARN_QUOTED_INCLUDE_IN_FRAMEWORK_HEADER = YES;
				CLANG_WARN_RANGE_LOOP_ANALYSIS = YES;
				CLANG_WARN_STRICT_PROTOTYPES = YES;
				CLANG_WARN_SUSPICIOUS_MOVE = YES;
				CLANG_WARN_UNGUARDED_AVAILABILITY = YES_AGGRESSIVE;
				CLANG_WARN_UNREACHABLE_CODE = YES;
				CLANG_WARN__DUPLICATE_METHOD_MATCH = YES;
				COPY_PHASE_STRIP = NO;
				DEBUG_INFORMATION_FORMAT = dwarf;
				ENABLE_STRICT_OBJC_MSGSEND = YES;
				ENABLE_TESTABILITY = YES;
				ENABLE_USER_SCRIPT_SANDBOXING = YES;
				GCC_C_LANGUAGE_STANDARD = gnu17;
				GCC_DYNAMIC_NO_PIC = NO;
				GCC_NO_COMMON_BLOCKS = YES;
				GCC_OPTIMIZATION_LEVEL = 0;
				GCC_PREPROCESSOR_DEFINITIONS = (
					"DEBUG=1",
					"$(inherited)",
				);
				GCC_WARN_64_TO_32_BIT_CONVERSION = YES;
				GCC_WARN_ABOUT_RETURN_TYPE = YES_ERROR;
				GCC_WARN_UNDECLARED_SELECTOR = YES;
				GCC_WARN_UNINITIALIZED_AUTOS = YES_AGGRESSIVE;
				GCC_WARN_UNUSED_FUNCTION = YES;
				GCC_WARN_UNUSED_VARIABLE = YES;
				IPHONEOS_DEPLOYMENT_TARGET = 13.0;
				LOCALIZATION_PREFERS_STRING_CATALOGS = YES;
				MTL_ENABLE_DEBUG_INFO = INCLUDE_SOURCE;
				MTL_FAST_MATH = YES;
				ONLY_ACTIVE_ARCH = YES;
				SDKROOT = iphoneos;
				SWIFT_ACTIVE_COMPILATION_CONDITIONS = "DEBUG $(inherited)";
				SWIFT_OPTIMIZATION_LEVEL = "-Onone";
			};
			name = Debug;
		};
		911F2B202CBD61CC00855FCE /* Release */ = {
			isa = XCBuildConfiguration;
			buildSettings = {
				ALWAYS_SEARCH_USER_PATHS = NO;
				ASSETCATALOG_COMPILER_GENERATE_SWIFT_ASSET_SYMBOL_EXTENSIONS = YES;
				CLANG_ANALYZER_NONNULL = YES;
				CLANG_ANALYZER_NUMBER_OBJECT_CONVERSION = YES_AGGRESSIVE;
				CLANG_CXX_LANGUAGE_STANDARD = "gnu++20";
				CLANG_ENABLE_MODULES = YES;
				CLANG_ENABLE_OBJC_ARC = YES;
				CLANG_ENABLE_OBJC_WEAK = YES;
				CLANG_WARN_BLOCK_CAPTURE_AUTORELEASING = YES;
				CLANG_WARN_BOOL_CONVERSION = YES;
				CLANG_WARN_COMMA = YES;
				CLANG_WARN_CONSTANT_CONVERSION = YES;
				CLANG_WARN_DEPRECATED_OBJC_IMPLEMENTATIONS = YES;
				CLANG_WARN_DIRECT_OBJC_ISA_USAGE = YES_ERROR;
				CLANG_WARN_DOCUMENTATION_COMMENTS = YES;
				CLANG_WARN_EMPTY_BODY = YES;
				CLANG_WARN_ENUM_CONVERSION = YES;
				CLANG_WARN_INFINITE_RECURSION = YES;
				CLANG_WARN_INT_CONVERSION = YES;
				CLANG_WARN_NON_LITERAL_NULL_CONVERSION = YES;
				CLANG_WARN_OBJC_IMPLICIT_RETAIN_SELF = YES;
				CLANG_WARN_OBJC_LITERAL_CONVERSION = YES;
				CLANG_WARN_OBJC_ROOT_CLASS = YES_ERROR;
				CLANG_WARN_QUOTED_INCLUDE_IN_FRAMEWORK_HEADER = YES;
				CLANG_WARN_RANGE_LOOP_ANALYSIS = YES;
				CLANG_WARN_STRICT_PROTOTYPES = YES;
				CLANG_WARN_SUSPICIOUS_MOVE = YES;
				CLANG_WARN_UNGUARDED_AVAILABILITY = YES_AGGRESSIVE;
				CLANG_WARN_UNREACHABLE_CODE = YES;
				CLANG_WARN__DUPLICATE_METHOD_MATCH = YES;
				COPY_PHASE_STRIP = NO;
				DEBUG_INFORMATION_FORMAT = "dwarf-with-dsym";
				ENABLE_NS_ASSERTIONS = NO;
				ENABLE_STRICT_OBJC_MSGSEND = YES;
				ENABLE_USER_SCRIPT_SANDBOXING = YES;
				GCC_C_LANGUAGE_STANDARD = gnu17;
				GCC_NO_COMMON_BLOCKS = YES;
				GCC_WARN_64_TO_32_BIT_CONVERSION = YES;
				GCC_WARN_ABOUT_RETURN_TYPE = YES_ERROR;
				GCC_WARN_UNDECLARED_SELECTOR = YES;
				GCC_WARN_UNINITIALIZED_AUTOS = YES_AGGRESSIVE;
				GCC_WARN_UNUSED_FUNCTION = YES;
				GCC_WARN_UNUSED_VARIABLE = YES;
				IPHONEOS_DEPLOYMENT_TARGET = 13.0;
				LOCALIZATION_PREFERS_STRING_CATALOGS = YES;
				MTL_ENABLE_DEBUG_INFO = NO;
				MTL_FAST_MATH = YES;
				SDKROOT = iphoneos;
				SWIFT_COMPILATION_MODE = wholemodule;
				VALIDATE_PRODUCT = YES;
			};
			name = Release;
		};
		911F2B222CBD61CC00855FCE /* Debug */ = {
			isa = XCBuildConfiguration;
			buildSettings = {
				ASSETCATALOG_COMPILER_APPICON_NAME = AppIcon;
				ASSETCATALOG_COMPILER_GLOBAL_ACCENT_COLOR_NAME = AccentColor;
				CODE_SIGN_STYLE = Automatic;
				CURRENT_PROJECT_VERSION = 1;
				DEVELOPMENT_TEAM = RJV8GD8K45;
				GENERATE_INFOPLIST_FILE = YES;
				INFOPLIST_FILE = ImageFeed/Info.plist;
				INFOPLIST_KEY_UIApplicationSupportsIndirectInputEvents = YES;
				INFOPLIST_KEY_UILaunchStoryboardName = LaunchScreen;
				INFOPLIST_KEY_UIMainStoryboardFile = Main;
				INFOPLIST_KEY_UISupportedInterfaceOrientations = UIInterfaceOrientationPortrait;
				INFOPLIST_KEY_UISupportedInterfaceOrientations_iPad = "UIInterfaceOrientationLandscapeLeft UIInterfaceOrientationLandscapeRight UIInterfaceOrientationPortrait UIInterfaceOrientationPortraitUpsideDown";
				IPHONEOS_DEPLOYMENT_TARGET = 13;
				LD_RUNPATH_SEARCH_PATHS = (
					"$(inherited)",
					"@executable_path/Frameworks",
				);
				MARKETING_VERSION = 1.0;
				PRODUCT_BUNDLE_IDENTIFIER = ru.satkov.ImageFeed;
				PRODUCT_NAME = "$(TARGET_NAME)";
				SUPPORTED_PLATFORMS = "iphoneos iphonesimulator";
				SUPPORTS_MACCATALYST = NO;
				SUPPORTS_MAC_DESIGNED_FOR_IPHONE_IPAD = NO;
				SUPPORTS_XR_DESIGNED_FOR_IPHONE_IPAD = NO;
				SWIFT_EMIT_LOC_STRINGS = YES;
				SWIFT_VERSION = 5.0;
				TARGETED_DEVICE_FAMILY = 1;
			};
			name = Debug;
		};
		911F2B232CBD61CC00855FCE /* Release */ = {
			isa = XCBuildConfiguration;
			buildSettings = {
				ASSETCATALOG_COMPILER_APPICON_NAME = AppIcon;
				ASSETCATALOG_COMPILER_GLOBAL_ACCENT_COLOR_NAME = AccentColor;
				CODE_SIGN_STYLE = Automatic;
				CURRENT_PROJECT_VERSION = 1;
				DEVELOPMENT_TEAM = RJV8GD8K45;
				GENERATE_INFOPLIST_FILE = YES;
				INFOPLIST_FILE = ImageFeed/Info.plist;
				INFOPLIST_KEY_UIApplicationSupportsIndirectInputEvents = YES;
				INFOPLIST_KEY_UILaunchStoryboardName = LaunchScreen;
				INFOPLIST_KEY_UIMainStoryboardFile = Main;
				INFOPLIST_KEY_UISupportedInterfaceOrientations = UIInterfaceOrientationPortrait;
				INFOPLIST_KEY_UISupportedInterfaceOrientations_iPad = "UIInterfaceOrientationLandscapeLeft UIInterfaceOrientationLandscapeRight UIInterfaceOrientationPortrait UIInterfaceOrientationPortraitUpsideDown";
				IPHONEOS_DEPLOYMENT_TARGET = 13;
				LD_RUNPATH_SEARCH_PATHS = (
					"$(inherited)",
					"@executable_path/Frameworks",
				);
				MARKETING_VERSION = 1.0;
				PRODUCT_BUNDLE_IDENTIFIER = ru.satkov.ImageFeed;
				PRODUCT_NAME = "$(TARGET_NAME)";
				SUPPORTED_PLATFORMS = "iphoneos iphonesimulator";
				SUPPORTS_MACCATALYST = NO;
				SUPPORTS_MAC_DESIGNED_FOR_IPHONE_IPAD = NO;
				SUPPORTS_XR_DESIGNED_FOR_IPHONE_IPAD = NO;
				SWIFT_EMIT_LOC_STRINGS = YES;
				SWIFT_VERSION = 5.0;
				TARGETED_DEVICE_FAMILY = 1;
			};
			name = Release;
		};
/* End XCBuildConfiguration section */

/* Begin XCConfigurationList section */
		911F2B082CBD61CA00855FCE /* Build configuration list for PBXProject "ImageFeed" */ = {
			isa = XCConfigurationList;
			buildConfigurations = (
				911F2B1F2CBD61CC00855FCE /* Debug */,
				911F2B202CBD61CC00855FCE /* Release */,
			);
			defaultConfigurationIsVisible = 0;
			defaultConfigurationName = Release;
		};
		911F2B212CBD61CC00855FCE /* Build configuration list for PBXNativeTarget "ImageFeed" */ = {
			isa = XCConfigurationList;
			buildConfigurations = (
				911F2B222CBD61CC00855FCE /* Debug */,
				911F2B232CBD61CC00855FCE /* Release */,
			);
			defaultConfigurationIsVisible = 0;
			defaultConfigurationName = Release;
		};
/* End XCConfigurationList section */
	};
	rootObject = 911F2B052CBD61CA00855FCE /* Project object */;
}
